// !$*UTF8*$!
{
	archiveVersion = 1;
	classes = {
	};
	objectVersion = 50;
	objects = {

/* Begin PBXBuildFile section */
		90271C80247E368900012432 /* AppDelegate.swift in Sources */ = {isa = PBXBuildFile; fileRef = 90271C7F247E368900012432 /* AppDelegate.swift */; };
		90271C82247E368900012432 /* SceneDelegate.swift in Sources */ = {isa = PBXBuildFile; fileRef = 90271C81247E368900012432 /* SceneDelegate.swift */; };
		90271C84247E368900012432 /* ViewController.swift in Sources */ = {isa = PBXBuildFile; fileRef = 90271C83247E368900012432 /* ViewController.swift */; };
		90271C87247E368900012432 /* Main.storyboard in Resources */ = {isa = PBXBuildFile; fileRef = 90271C85247E368900012432 /* Main.storyboard */; };
		90271C89247E368B00012432 /* Assets.xcassets in Resources */ = {isa = PBXBuildFile; fileRef = 90271C88247E368B00012432 /* Assets.xcassets */; };
		90271C8C247E368B00012432 /* LaunchScreen.storyboard in Resources */ = {isa = PBXBuildFile; fileRef = 90271C8A247E368B00012432 /* LaunchScreen.storyboard */; };
		90271C96247E3E3000012432 /* RunLoopDemo0ViewController.m in Sources */ = {isa = PBXBuildFile; fileRef = 90271C95247E3E3000012432 /* RunLoopDemo0ViewController.m */; };
		90271C9B247E536100012432 /* LagMonitorViewController.swift in Sources */ = {isa = PBXBuildFile; fileRef = 90271C9A247E536100012432 /* LagMonitorViewController.swift */; };
		90271C9D247E547000012432 /* LagMonitor.swift in Sources */ = {isa = PBXBuildFile; fileRef = 90271C9C247E547000012432 /* LagMonitor.swift */; };
/* End PBXBuildFile section */

/* Begin PBXFileReference section */
		90271C7C247E368900012432 /* RunLoop-Exercise.app */ = {isa = PBXFileReference; explicitFileType = wrapper.application; includeInIndex = 0; path = "RunLoop-Exercise.app"; sourceTree = BUILT_PRODUCTS_DIR; };
		90271C7F247E368900012432 /* AppDelegate.swift */ = {isa = PBXFileReference; lastKnownFileType = sourcecode.swift; path = AppDelegate.swift; sourceTree = "<group>"; };
		90271C81247E368900012432 /* SceneDelegate.swift */ = {isa = PBXFileReference; lastKnownFileType = sourcecode.swift; path = SceneDelegate.swift; sourceTree = "<group>"; };
		90271C83247E368900012432 /* ViewController.swift */ = {isa = PBXFileReference; lastKnownFileType = sourcecode.swift; path = ViewController.swift; sourceTree = "<group>"; };
		90271C86247E368900012432 /* Base */ = {isa = PBXFileReference; lastKnownFileType = file.storyboard; name = Base; path = Base.lproj/Main.storyboard; sourceTree = "<group>"; };
		90271C88247E368B00012432 /* Assets.xcassets */ = {isa = PBXFileReference; lastKnownFileType = folder.assetcatalog; path = Assets.xcassets; sourceTree = "<group>"; };
		90271C8B247E368B00012432 /* Base */ = {isa = PBXFileReference; lastKnownFileType = file.storyboard; name = Base; path = Base.lproj/LaunchScreen.storyboard; sourceTree = "<group>"; };
		90271C8D247E368B00012432 /* Info.plist */ = {isa = PBXFileReference; lastKnownFileType = text.plist.xml; path = Info.plist; sourceTree = "<group>"; };
		90271C93247E3E2F00012432 /* RunLoop-Exercise-Bridging-Header.h */ = {isa = PBXFileReference; lastKnownFileType = sourcecode.c.h; path = "RunLoop-Exercise-Bridging-Header.h"; sourceTree = "<group>"; };
		90271C94247E3E3000012432 /* RunLoopDemo0ViewController.h */ = {isa = PBXFileReference; lastKnownFileType = sourcecode.c.h; path = RunLoopDemo0ViewController.h; sourceTree = "<group>"; };
		90271C95247E3E3000012432 /* RunLoopDemo0ViewController.m */ = {isa = PBXFileReference; lastKnownFileType = sourcecode.c.objc; path = RunLoopDemo0ViewController.m; sourceTree = "<group>"; };
		90271C9A247E536100012432 /* LagMonitorViewController.swift */ = {isa = PBXFileReference; lastKnownFileType = sourcecode.swift; path = LagMonitorViewController.swift; sourceTree = "<group>"; };
		90271C9C247E547000012432 /* LagMonitor.swift */ = {isa = PBXFileReference; lastKnownFileType = sourcecode.swift; path = LagMonitor.swift; sourceTree = "<group>"; };
/* End PBXFileReference section */

/* Begin PBXFrameworksBuildPhase section */
		90271C79247E368900012432 /* Frameworks */ = {
			isa = PBXFrameworksBuildPhase;
			buildActionMask = 2147483647;
			files = (
			);
			runOnlyForDeploymentPostprocessing = 0;
		};
/* End PBXFrameworksBuildPhase section */

/* Begin PBXGroup section */
		90271C73247E368900012432 = {
			isa = PBXGroup;
			children = (
				90271C7E247E368900012432 /* RunLoop-Exercise */,
				90271C7D247E368900012432 /* Products */,
			);
			sourceTree = "<group>";
		};
		90271C7D247E368900012432 /* Products */ = {
			isa = PBXGroup;
			children = (
				90271C7C247E368900012432 /* RunLoop-Exercise.app */,
			);
			name = Products;
			sourceTree = "<group>";
		};
		90271C7E247E368900012432 /* RunLoop-Exercise */ = {
			isa = PBXGroup;
			children = (
				90271C97247E519600012432 /* demos */,
				90271C7F247E368900012432 /* AppDelegate.swift */,
				90271C81247E368900012432 /* SceneDelegate.swift */,
				90271C83247E368900012432 /* ViewController.swift */,
				90271C85247E368900012432 /* Main.storyboard */,
				90271C88247E368B00012432 /* Assets.xcassets */,
				90271C8A247E368B00012432 /* LaunchScreen.storyboard */,
				90271C8D247E368B00012432 /* Info.plist */,
				90271C93247E3E2F00012432 /* RunLoop-Exercise-Bridging-Header.h */,
			);
			path = "RunLoop-Exercise";
			sourceTree = "<group>";
		};
		90271C97247E519600012432 /* demos */ = {
			isa = PBXGroup;
			children = (
				90271C99247E533500012432 /* RunLoop-Lag-Monitor */,
				90271C98247E51AA00012432 /* RunLoop-Idle */,
			);
			path = demos;
			sourceTree = "<group>";
		};
		90271C98247E51AA00012432 /* RunLoop-Idle */ = {
			isa = PBXGroup;
			children = (
				90271C94247E3E3000012432 /* RunLoopDemo0ViewController.h */,
				90271C95247E3E3000012432 /* RunLoopDemo0ViewController.m */,
			);
			path = "RunLoop-Idle";
			sourceTree = "<group>";
		};
		90271C99247E533500012432 /* RunLoop-Lag-Monitor */ = {
			isa = PBXGroup;
			children = (
				90271C9A247E536100012432 /* LagMonitorViewController.swift */,
				90271C9C247E547000012432 /* LagMonitor.swift */,
			);
			path = "RunLoop-Lag-Monitor";
			sourceTree = "<group>";
		};
/* End PBXGroup section */

/* Begin PBXNativeTarget section */
		90271C7B247E368900012432 /* RunLoop-Exercise */ = {
			isa = PBXNativeTarget;
			buildConfigurationList = 90271C90247E368B00012432 /* Build configuration list for PBXNativeTarget "RunLoop-Exercise" */;
			buildPhases = (
				90271C78247E368900012432 /* Sources */,
				90271C79247E368900012432 /* Frameworks */,
				90271C7A247E368900012432 /* Resources */,
			);
			buildRules = (
			);
			dependencies = (
			);
			name = "RunLoop-Exercise";
			productName = "RunLoop-Exercise";
			productReference = 90271C7C247E368900012432 /* RunLoop-Exercise.app */;
			productType = "com.apple.product-type.application";
		};
/* End PBXNativeTarget section */

/* Begin PBXProject section */
		90271C74247E368900012432 /* Project object */ = {
			isa = PBXProject;
			attributes = {
				LastSwiftUpdateCheck = 1150;
				LastUpgradeCheck = 1150;
				ORGANIZATIONNAME = czw;
				TargetAttributes = {
					90271C7B247E368900012432 = {
						CreatedOnToolsVersion = 11.5;
						LastSwiftMigration = 1150;
					};
				};
			};
			buildConfigurationList = 90271C77247E368900012432 /* Build configuration list for PBXProject "RunLoop-Exercise" */;
			compatibilityVersion = "Xcode 9.3";
			developmentRegion = en;
			hasScannedForEncodings = 0;
			knownRegions = (
				en,
				Base,
			);
			mainGroup = 90271C73247E368900012432;
			productRefGroup = 90271C7D247E368900012432 /* Products */;
			projectDirPath = "";
			projectRoot = "";
			targets = (
				90271C7B247E368900012432 /* RunLoop-Exercise */,
			);
		};
/* End PBXProject section */

/* Begin PBXResourcesBuildPhase section */
		90271C7A247E368900012432 /* Resources */ = {
			isa = PBXResourcesBuildPhase;
			buildActionMask = 2147483647;
			files = (
				90271C8C247E368B00012432 /* LaunchScreen.storyboard in Resources */,
				90271C89247E368B00012432 /* Assets.xcassets in Resources */,
				90271C87247E368900012432 /* Main.storyboard in Resources */,
			);
			runOnlyForDeploymentPostprocessing = 0;
		};
/* End PBXResourcesBuildPhase section */

/* Begin PBXSourcesBuildPhase section */
		90271C78247E368900012432 /* Sources */ = {
			isa = PBXSourcesBuildPhase;
			buildActionMask = 2147483647;
			files = (
				90271C84247E368900012432 /* ViewController.swift in Sources */,
				90271C80247E368900012432 /* AppDelegate.swift in Sources */,
				90271C9B247E536100012432 /* LagMonitorViewController.swift in Sources */,
				90271C96247E3E3000012432 /* RunLoopDemo0ViewController.m in Sources */,
				90271C82247E368900012432 /* SceneDelegate.swift in Sources */,
				90271C9D247E547000012432 /* LagMonitor.swift in Sources */,
			);
			runOnlyForDeploymentPostprocessing = 0;
		};
/* End PBXSourcesBuildPhase section */

/* Begin PBXVariantGroup section */
		90271C85247E368900012432 /* Main.storyboard */ = {
			isa = PBXVariantGroup;
			children = (
				90271C86247E368900012432 /* Base */,
			);
			name = Main.storyboard;
			sourceTree = "<group>";
		};
		90271C8A247E368B00012432 /* LaunchScreen.storyboard */ = {
			isa = PBXVariantGroup;
			children = (
				90271C8B247E368B00012432 /* Base */,
			);
			name = LaunchScreen.storyboard;
			sourceTree = "<group>";
		};
/* End PBXVariantGroup section */

/* Begin XCBuildConfiguration section */
		90271C8E247E368B00012432 /* Debug */ = {
			isa = XCBuildConfiguration;
			buildSettings = {
				ALWAYS_SEARCH_USER_PATHS = NO;
				CLANG_ANALYZER_NONNULL = YES;
				CLANG_ANALYZER_NUMBER_OBJECT_CONVERSION = YES_AGGRESSIVE;
				CLANG_CXX_LANGUAGE_STANDARD = "gnu++14";
				CLANG_CXX_LIBRARY = "libc++";
				CLANG_ENABLE_MODULES = YES;
				CLANG_ENABLE_OBJC_ARC = YES;
				CLANG_ENABLE_OBJC_WEAK = YES;
				CLANG_WARN_BLOCK_CAPTURE_AUTORELEASING = YES;
				CLANG_WARN_BOOL_CONVERSION = YES;
				CLANG_WARN_COMMA = YES;
				CLANG_WARN_CONSTANT_CONVERSION = YES;
				CLANG_WARN_DEPRECATED_OBJC_IMPLEMENTATIONS = YES;
				CLANG_WARN_DIRECT_OBJC_ISA_USAGE = YES_ERROR;
				CLANG_WARN_DOCUMENTATION_COMMENTS = YES;
				CLANG_WARN_EMPTY_BODY = YES;
				CLANG_WARN_ENUM_CONVERSION = YES;
				CLANG_WARN_INFINITE_RECURSION = YES;
				CLANG_WARN_INT_CONVERSION = YES;
				CLANG_WARN_NON_LITERAL_NULL_CONVERSION = YES;
				CLANG_WARN_OBJC_IMPLICIT_RETAIN_SELF = YES;
				CLANG_WARN_OBJC_LITERAL_CONVERSION = YES;
				CLANG_WARN_OBJC_ROOT_CLASS = YES_ERROR;
				CLANG_WARN_RANGE_LOOP_ANALYSIS = YES;
				CLANG_WARN_STRICT_PROTOTYPES = YES;
				CLANG_WARN_SUSPICIOUS_MOVE = YES;
				CLANG_WARN_UNGUARDED_AVAILABILITY = YES_AGGRESSIVE;
				CLANG_WARN_UNREACHABLE_CODE = YES;
				CLANG_WARN__DUPLICATE_METHOD_MATCH = YES;
				COPY_PHASE_STRIP = NO;
				DEBUG_INFORMATION_FORMAT = dwarf;
				ENABLE_STRICT_OBJC_MSGSEND = YES;
				ENABLE_TESTABILITY = YES;
				GCC_C_LANGUAGE_STANDARD = gnu11;
				GCC_DYNAMIC_NO_PIC = NO;
				GCC_NO_COMMON_BLOCKS = YES;
				GCC_OPTIMIZATION_LEVEL = 0;
				GCC_PREPROCESSOR_DEFINITIONS = (
					"DEBUG=1",
					"$(inherited)",
				);
				GCC_WARN_64_TO_32_BIT_CONVERSION = YES;
				GCC_WARN_ABOUT_RETURN_TYPE = YES_ERROR;
				GCC_WARN_UNDECLARED_SELECTOR = YES;
				GCC_WARN_UNINITIALIZED_AUTOS = YES_AGGRESSIVE;
				GCC_WARN_UNUSED_FUNCTION = YES;
				GCC_WARN_UNUSED_VARIABLE = YES;
				IPHONEOS_DEPLOYMENT_TARGET = 13.5;
				MTL_ENABLE_DEBUG_INFO = INCLUDE_SOURCE;
				MTL_FAST_MATH = YES;
				ONLY_ACTIVE_ARCH = YES;
				SDKROOT = iphoneos;
				SWIFT_ACTIVE_COMPILATION_CONDITIONS = DEBUG;
				SWIFT_OPTIMIZATION_LEVEL = "-Onone";
			};
			name = Debug;
		};
		90271C8F247E368B00012432 /* Release */ = {
			isa = XCBuildConfiguration;
			buildSettings = {
				ALWAYS_SEARCH_USER_PATHS = NO;
				CLANG_ANALYZER_NONNULL = YES;
				CLANG_ANALYZER_NUMBER_OBJECT_CONVERSION = YES_AGGRESSIVE;
				CLANG_CXX_LANGUAGE_STANDARD = "gnu++14";
				CLANG_CXX_LIBRARY = "libc++";
				CLANG_ENABLE_MODULES = YES;
				CLANG_ENABLE_OBJC_ARC = YES;
				CLANG_ENABLE_OBJC_WEAK = YES;
				CLANG_WARN_BLOCK_CAPTURE_AUTORELEASING = YES;
				CLANG_WARN_BOOL_CONVERSION = YES;
				CLANG_WARN_COMMA = YES;
				CLANG_WARN_CONSTANT_CONVERSION = YES;
				CLANG_WARN_DEPRECATED_OBJC_IMPLEMENTATIONS = YES;
				CLANG_WARN_DIRECT_OBJC_ISA_USAGE = YES_ERROR;
				CLANG_WARN_DOCUMENTATION_COMMENTS = YES;
				CLANG_WARN_EMPTY_BODY = YES;
				CLANG_WARN_ENUM_CONVERSION = YES;
				CLANG_WARN_INFINITE_RECURSION = YES;
				CLANG_WARN_INT_CONVERSION = YES;
				CLANG_WARN_NON_LITERAL_NULL_CONVERSION = YES;
				CLANG_WARN_OBJC_IMPLICIT_RETAIN_SELF = YES;
				CLANG_WARN_OBJC_LITERAL_CONVERSION = YES;
				CLANG_WARN_OBJC_ROOT_CLASS = YES_ERROR;
				CLANG_WARN_RANGE_LOOP_ANALYSIS = YES;
				CLANG_WARN_STRICT_PROTOTYPES = YES;
				CLANG_WARN_SUSPICIOUS_MOVE = YES;
				CLANG_WARN_UNGUARDED_AVAILABILITY = YES_AGGRESSIVE;
				CLANG_WARN_UNREACHABLE_CODE = YES;
				CLANG_WARN__DUPLICATE_METHOD_MATCH = YES;
				COPY_PHASE_STRIP = NO;
				DEBUG_INFORMATION_FORMAT = "dwarf-with-dsym";
				ENABLE_NS_ASSERTIONS = NO;
				ENABLE_STRICT_OBJC_MSGSEND = YES;
				GCC_C_LANGUAGE_STANDARD = gnu11;
				GCC_NO_COMMON_BLOCKS = YES;
				GCC_WARN_64_TO_32_BIT_CONVERSION = YES;
				GCC_WARN_ABOUT_RETURN_TYPE = YES_ERROR;
				GCC_WARN_UNDECLARED_SELECTOR = YES;
				GCC_WARN_UNINITIALIZED_AUTOS = YES_AGGRESSIVE;
				GCC_WARN_UNUSED_FUNCTION = YES;
				GCC_WARN_UNUSED_VARIABLE = YES;
				IPHONEOS_DEPLOYMENT_TARGET = 13.5;
				MTL_ENABLE_DEBUG_INFO = NO;
				MTL_FAST_MATH = YES;
				SDKROOT = iphoneos;
				SWIFT_COMPILATION_MODE = wholemodule;
				SWIFT_OPTIMIZATION_LEVEL = "-O";
				VALIDATE_PRODUCT = YES;
			};
			name = Release;
		};
		90271C91247E368B00012432 /* Debug */ = {
			isa = XCBuildConfiguration;
			buildSettings = {
				ASSETCATALOG_COMPILER_APPICON_NAME = AppIcon;
				CLANG_ENABLE_MODULES = YES;
				CODE_SIGN_STYLE = Automatic;
				DEVELOPMENT_TEAM = G663X3L4MH;
				INFOPLIST_FILE = "RunLoop-Exercise/Info.plist";
				LD_RUNPATH_SEARCH_PATHS = (
					"$(inherited)",
					"@executable_path/Frameworks",
				);
				PRODUCT_BUNDLE_IDENTIFIER = "--.RunLoop-Exercise";
				PRODUCT_NAME = "$(TARGET_NAME)";
				SWIFT_OBJC_BRIDGING_HEADER = "RunLoop-Exercise/RunLoop-Exercise-Bridging-Header.h";
				SWIFT_OPTIMIZATION_LEVEL = "-Onone";
				SWIFT_VERSION = 5.0;
				TARGETED_DEVICE_FAMILY = "1,2";
			};
			name = Debug;
		};
		90271C92247E368B00012432 /* Release */ = {
			isa = XCBuildConfiguration;
			buildSettings = {
				ASSETCATALOG_COMPILER_APPICON_NAME = AppIcon;
				CLANG_ENABLE_MODULES = YES;
				CODE_SIGN_STYLE = Automatic;
				DEVELOPMENT_TEAM = G663X3L4MH;
				INFOPLIST_FILE = "RunLoop-Exercise/Info.plist";
				LD_RUNPATH_SEARCH_PATHS = (
					"$(inherited)",
					"@executable_path/Frameworks",
				);
				PRODUCT_BUNDLE_IDENTIFIER = "--.RunLoop-Exercise";
				PRODUCT_NAME = "$(TARGET_NAME)";
				SWIFT_OBJC_BRIDGING_HEADER = "RunLoop-Exercise/RunLoop-Exercise-Bridging-Header.h";
				SWIFT_VERSION = 5.0;
				TARGETED_DEVICE_FAMILY = "1,2";
			};
			name = Release;
		};
/* End XCBuildConfiguration section */

/* Begin XCConfigurationList section */
		90271C77247E368900012432 /* Build configuration list for PBXProject "RunLoop-Exercise" */ = {
			isa = XCConfigurationList;
			buildConfigurations = (
				90271C8E247E368B00012432 /* Debug */,
				90271C8F247E368B00012432 /* Release */,
			);
			defaultConfigurationIsVisible = 0;
			defaultConfigurationName = Release;
		};
		90271C90247E368B00012432 /* Build configuration list for PBXNativeTarget "RunLoop-Exercise" */ = {
			isa = XCConfigurationList;
			buildConfigurations = (
				90271C91247E368B00012432 /* Debug */,
				90271C92247E368B00012432 /* Release */,
			);
			defaultConfigurationIsVisible = 0;
			defaultConfigurationName = Release;
		};
/* End XCConfigurationList section */
	};
	rootObject = 90271C74247E368900012432 /* Project object */;
}
